// !$*UTF8*$!
{
	archiveVersion = 1;
	classes = {
	};
	objectVersion = 50;
	objects = {

/* Begin PBXBuildFile section */
		C705924524CF133F00D7A8D4 /* AppDelegate.swift in Sources */ = {isa = PBXBuildFile; fileRef = C705924424CF133F00D7A8D4 /* AppDelegate.swift */; };
		C705924724CF133F00D7A8D4 /* SceneDelegate.swift in Sources */ = {isa = PBXBuildFile; fileRef = C705924624CF133F00D7A8D4 /* SceneDelegate.swift */; };
		C705924924CF133F00D7A8D4 /* ViewController.swift in Sources */ = {isa = PBXBuildFile; fileRef = C705924824CF133F00D7A8D4 /* ViewController.swift */; };
		C705924C24CF133F00D7A8D4 /* Main.storyboard in Resources */ = {isa = PBXBuildFile; fileRef = C705924A24CF133F00D7A8D4 /* Main.storyboard */; };
		C705924E24CF134100D7A8D4 /* Assets.xcassets in Resources */ = {isa = PBXBuildFile; fileRef = C705924D24CF134100D7A8D4 /* Assets.xcassets */; };
		C705925124CF134100D7A8D4 /* LaunchScreen.storyboard in Resources */ = {isa = PBXBuildFile; fileRef = C705924F24CF134100D7A8D4 /* LaunchScreen.storyboard */; };
		C705925924CF15E300D7A8D4 /* WalkthroughCVCell.swift in Sources */ = {isa = PBXBuildFile; fileRef = C705925824CF15E300D7A8D4 /* WalkthroughCVCell.swift */; };
/* End PBXBuildFile section */

/* Begin PBXFileReference section */
		C705924124CF133F00D7A8D4 /* ajayTask.app */ = {isa = PBXFileReference; explicitFileType = wrapper.application; includeInIndex = 0; path = ajayTask.app; sourceTree = BUILT_PRODUCTS_DIR; };
		C705924424CF133F00D7A8D4 /* AppDelegate.swift */ = {isa = PBXFileReference; lastKnownFileType = sourcecode.swift; path = AppDelegate.swift; sourceTree = "<group>"; };
		C705924624CF133F00D7A8D4 /* SceneDelegate.swift */ = {isa = PBXFileReference; lastKnownFileType = sourcecode.swift; path = SceneDelegate.swift; sourceTree = "<group>"; };
		C705924824CF133F00D7A8D4 /* ViewController.swift */ = {isa = PBXFileReference; lastKnownFileType = sourcecode.swift; path = ViewController.swift; sourceTree = "<group>"; };
		C705924B24CF133F00D7A8D4 /* Base */ = {isa = PBXFileReference; lastKnownFileType = file.storyboard; name = Base; path = Base.lproj/Main.storyboard; sourceTree = "<group>"; };
		C705924D24CF134100D7A8D4 /* Assets.xcassets */ = {isa = PBXFileReference; lastKnownFileType = folder.assetcatalog; path = Assets.xcassets; sourceTree = "<group>"; };
		C705925024CF134100D7A8D4 /* Base */ = {isa = PBXFileReference; lastKnownFileType = file.storyboard; name = Base; path = Base.lproj/LaunchScreen.storyboard; sourceTree = "<group>"; };
		C705925224CF134100D7A8D4 /* Info.plist */ = {isa = PBXFileReference; lastKnownFileType = text.plist.xml; path = Info.plist; sourceTree = "<group>"; };
		C705925824CF15E300D7A8D4 /* WalkthroughCVCell.swift */ = {isa = PBXFileReference; lastKnownFileType = sourcecode.swift; path = WalkthroughCVCell.swift; sourceTree = "<group>"; };
/* End PBXFileReference section */

/* Begin PBXFrameworksBuildPhase section */
		C705923E24CF133F00D7A8D4 /* Frameworks */ = {
			isa = PBXFrameworksBuildPhase;
			buildActionMask = 2147483647;
			files = (
			);
			runOnlyForDeploymentPostprocessing = 0;
		};
/* End PBXFrameworksBuildPhase section */

/* Begin PBXGroup section */
		C705923824CF133F00D7A8D4 = {
			isa = PBXGroup;
			children = (
				C705924324CF133F00D7A8D4 /* ajayTask */,
				C705924224CF133F00D7A8D4 /* Products */,
			);
			sourceTree = "<group>";
		};
		C705924224CF133F00D7A8D4 /* Products */ = {
			isa = PBXGroup;
			children = (
				C705924124CF133F00D7A8D4 /* ajayTask.app */,
			);
			name = Products;
			sourceTree = "<group>";
		};
		C705924324CF133F00D7A8D4 /* ajayTask */ = {
			isa = PBXGroup;
			children = (
				C705924424CF133F00D7A8D4 /* AppDelegate.swift */,
				C705924624CF133F00D7A8D4 /* SceneDelegate.swift */,
				C705924824CF133F00D7A8D4 /* ViewController.swift */,
				C705925824CF15E300D7A8D4 /* WalkthroughCVCell.swift */,
				C705924A24CF133F00D7A8D4 /* Main.storyboard */,
				C705924D24CF134100D7A8D4 /* Assets.xcassets */,
				C705924F24CF134100D7A8D4 /* LaunchScreen.storyboard */,
				C705925224CF134100D7A8D4 /* Info.plist */,
			);
			path = ajayTask;
			sourceTree = "<group>";
		};
/* End PBXGroup section */

/* Begin PBXNativeTarget section */
		C705924024CF133F00D7A8D4 /* ajayTask */ = {
			isa = PBXNativeTarget;
			buildConfigurationList = C705925524CF134100D7A8D4 /* Build configuration list for PBXNativeTarget "ajayTask" */;
			buildPhases = (
				C705923D24CF133F00D7A8D4 /* Sources */,
				C705923E24CF133F00D7A8D4 /* Frameworks */,
				C705923F24CF133F00D7A8D4 /* Resources */,
			);
			buildRules = (
			);
			dependencies = (
			);
			name = ajayTask;
			productName = ajayTask;
			productReference = C705924124CF133F00D7A8D4 /* ajayTask.app */;
			productType = "com.apple.product-type.application";
		};
/* End PBXNativeTarget section */

/* Begin PBXProject section */
		C705923924CF133F00D7A8D4 /* Project object */ = {
			isa = PBXProject;
			attributes = {
				LastSwiftUpdateCheck = 1130;
				LastUpgradeCheck = 1130;
				ORGANIZATIONNAME = hpApps;
				TargetAttributes = {
					C705924024CF133F00D7A8D4 = {
						CreatedOnToolsVersion = 11.3;
					};
				};
			};
			buildConfigurationList = C705923C24CF133F00D7A8D4 /* Build configuration list for PBXProject "ajayTask" */;
			compatibilityVersion = "Xcode 9.3";
			developmentRegion = en;
			hasScannedForEncodings = 0;
			knownRegions = (
				en,
				Base,
			);
			mainGroup = C705923824CF133F00D7A8D4;
			productRefGroup = C705924224CF133F00D7A8D4 /* Products */;
			projectDirPath = "";
			projectRoot = "";
			targets = (
				C705924024CF133F00D7A8D4 /* ajayTask */,
			);
		};
/* End PBXProject section */

/* Begin PBXResourcesBuildPhase section */
		C705923F24CF133F00D7A8D4 /* Resources */ = {
			isa = PBXResourcesBuildPhase;
			buildActionMask = 2147483647;
			files = (
				C705925124CF134100D7A8D4 /* LaunchScreen.storyboard in Resources */,
				C705924E24CF134100D7A8D4 /* Assets.xcassets in Resources */,
				C705924C24CF133F00D7A8D4 /* Main.storyboard in Resources */,
			);
			runOnlyForDeploymentPostprocessing = 0;
		};
/* End PBXResourcesBuildPhase section */

/* Begin PBXSourcesBuildPhase section */
		C705923D24CF133F00D7A8D4 /* Sources */ = {
			isa = PBXSourcesBuildPhase;
			buildActionMask = 2147483647;
			files = (
				C705924924CF133F00D7A8D4 /* ViewController.swift in Sources */,
				C705924524CF133F00D7A8D4 /* AppDelegate.swift in Sources */,
				C705924724CF133F00D7A8D4 /* SceneDelegate.swift in Sources */,
				C705925924CF15E300D7A8D4 /* WalkthroughCVCell.swift in Sources */,
			);
			runOnlyForDeploymentPostprocessing = 0;
		};
/* End PBXSourcesBuildPhase section */

/* Begin PBXVariantGroup section */
		C705924A24CF133F00D7A8D4 /* Main.storyboard */ = {
			isa = PBXVariantGroup;
			children = (
				C705924B24CF133F00D7A8D4 /* Base */,
			);
			name = Main.storyboard;
			sourceTree = "<group>";
		};
		C705924F24CF134100D7A8D4 /* LaunchScreen.storyboard */ = {
			isa = PBXVariantGroup;
			children = (
				C705925024CF134100D7A8D4 /* Base */,
			);
			name = LaunchScreen.storyboard;
			sourceTree = "<group>";
		};
/* End PBXVariantGroup section */

/* Begin XCBuildConfiguration section */
		C705925324CF134100D7A8D4 /* Debug */ = {
			isa = XCBuildConfiguration;
			buildSettings = {
				ALWAYS_SEARCH_USER_PATHS = NO;
				CLANG_ANALYZER_NONNULL = YES;
				CLANG_ANALYZER_NUMBER_OBJECT_CONVERSION = YES_AGGRESSIVE;
				CLANG_CXX_LANGUAGE_STANDARD = "gnu++14";
				CLANG_CXX_LIBRARY = "libc++";
				CLANG_ENABLE_MODULES = YES;
				CLANG_ENABLE_OBJC_ARC = YES;
				CLANG_ENABLE_OBJC_WEAK = YES;
				CLANG_WARN_BLOCK_CAPTURE_AUTORELEASING = YES;
				CLANG_WARN_BOOL_CONVERSION = YES;
				CLANG_WARN_COMMA = YES;
				CLANG_WARN_CONSTANT_CONVERSION = YES;
				CLANG_WARN_DEPRECATED_OBJC_IMPLEMENTATIONS = YES;
				CLANG_WARN_DIRECT_OBJC_ISA_USAGE = YES_ERROR;
				CLANG_WARN_DOCUMENTATION_COMMENTS = YES;
				CLANG_WARN_EMPTY_BODY = YES;
				CLANG_WARN_ENUM_CONVERSION = YES;
				CLANG_WARN_INFINITE_RECURSION = YES;
				CLANG_WARN_INT_CONVERSION = YES;
				CLANG_WARN_NON_LITERAL_NULL_CONVERSION = YES;
				CLANG_WARN_OBJC_IMPLICIT_RETAIN_SELF = YES;
				CLANG_WARN_OBJC_LITERAL_CONVERSION = YES;
				CLANG_WARN_OBJC_ROOT_CLASS = YES_ERROR;
				CLANG_WARN_RANGE_LOOP_ANALYSIS = YES;
				CLANG_WARN_STRICT_PROTOTYPES = YES;
				CLANG_WARN_SUSPICIOUS_MOVE = YES;
				CLANG_WARN_UNGUARDED_AVAILABILITY = YES_AGGRESSIVE;
				CLANG_WARN_UNREACHABLE_CODE = YES;
				CLANG_WARN__DUPLICATE_METHOD_MATCH = YES;
				COPY_PHASE_STRIP = NO;
				DEBUG_INFORMATION_FORMAT = dwarf;
				ENABLE_STRICT_OBJC_MSGSEND = YES;
				ENABLE_TESTABILITY = YES;
				GCC_C_LANGUAGE_STANDARD = gnu11;
				GCC_DYNAMIC_NO_PIC = NO;
				GCC_NO_COMMON_BLOCKS = YES;
				GCC_OPTIMIZATION_LEVEL = 0;
				GCC_PREPROCESSOR_DEFINITIONS = (
					"DEBUG=1",
					"$(inherited)",
				);
				GCC_WARN_64_TO_32_BIT_CONVERSION = YES;
				GCC_WARN_ABOUT_RETURN_TYPE = YES_ERROR;
				GCC_WARN_UNDECLARED_SELECTOR = YES;
				GCC_WARN_UNINITIALIZED_AUTOS = YES_AGGRESSIVE;
				GCC_WARN_UNUSED_FUNCTION = YES;
				GCC_WARN_UNUSED_VARIABLE = YES;
				IPHONEOS_DEPLOYMENT_TARGET = 13.2;
				MTL_ENABLE_DEBUG_INFO = INCLUDE_SOURCE;
				MTL_FAST_MATH = YES;
				ONLY_ACTIVE_ARCH = YES;
				SDKROOT = iphoneos;
				SWIFT_ACTIVE_COMPILATION_CONDITIONS = DEBUG;
				SWIFT_OPTIMIZATION_LEVEL = "-Onone";
			};
			name = Debug;
		};
		C705925424CF134100D7A8D4 /* Release */ = {
			isa = XCBuildConfiguration;
			buildSettings = {
				ALWAYS_SEARCH_USER_PATHS = NO;
				CLANG_ANALYZER_NONNULL = YES;
				CLANG_ANALYZER_NUMBER_OBJECT_CONVERSION = YES_AGGRESSIVE;
				CLANG_CXX_LANGUAGE_STANDARD = "gnu++14";
				CLANG_CXX_LIBRARY = "libc++";
				CLANG_ENABLE_MODULES = YES;
				CLANG_ENABLE_OBJC_ARC = YES;
				CLANG_ENABLE_OBJC_WEAK = YES;
				CLANG_WARN_BLOCK_CAPTURE_AUTORELEASING = YES;
				CLANG_WARN_BOOL_CONVERSION = YES;
				CLANG_WARN_COMMA = YES;
				CLANG_WARN_CONSTANT_CONVERSION = YES;
				CLANG_WARN_DEPRECATED_OBJC_IMPLEMENTATIONS = YES;
				CLANG_WARN_DIRECT_OBJC_ISA_USAGE = YES_ERROR;
				CLANG_WARN_DOCUMENTATION_COMMENTS = YES;
				CLANG_WARN_EMPTY_BODY = YES;
				CLANG_WARN_ENUM_CONVERSION = YES;
				CLANG_WARN_INFINITE_RECURSION = YES;
				CLANG_WARN_INT_CONVERSION = YES;
				CLANG_WARN_NON_LITERAL_NULL_CONVERSION = YES;
				CLANG_WARN_OBJC_IMPLICIT_RETAIN_SELF = YES;
				CLANG_WARN_OBJC_LITERAL_CONVERSION = YES;
				CLANG_WARN_OBJC_ROOT_CLASS = YES_ERROR;
				CLANG_WARN_RANGE_LOOP_ANALYSIS = YES;
				CLANG_WARN_STRICT_PROTOTYPES = YES;
				CLANG_WARN_SUSPICIOUS_MOVE = YES;
				CLANG_WARN_UNGUARDED_AVAILABILITY = YES_AGGRESSIVE;
				CLANG_WARN_UNREACHABLE_CODE = YES;
				CLANG_WARN__DUPLICATE_METHOD_MATCH = YES;
				COPY_PHASE_STRIP = NO;
				DEBUG_INFORMATION_FORMAT = "dwarf-with-dsym";
				ENABLE_NS_ASSERTIONS = NO;
				ENABLE_STRICT_OBJC_MSGSEND = YES;
				GCC_C_LANGUAGE_STANDARD = gnu11;
				GCC_NO_COMMON_BLOCKS = YES;
				GCC_WARN_64_TO_32_BIT_CONVERSION = YES;
				GCC_WARN_ABOUT_RETURN_TYPE = YES_ERROR;
				GCC_WARN_UNDECLARED_SELECTOR = YES;
				GCC_WARN_UNINITIALIZED_AUTOS = YES_AGGRESSIVE;
				GCC_WARN_UNUSED_FUNCTION = YES;
				GCC_WARN_UNUSED_VARIABLE = YES;
				IPHONEOS_DEPLOYMENT_TARGET = 13.2;
				MTL_ENABLE_DEBUG_INFO = NO;
				MTL_FAST_MATH = YES;
				SDKROOT = iphoneos;
				SWIFT_COMPILATION_MODE = wholemodule;
				SWIFT_OPTIMIZATION_LEVEL = "-O";
				VALIDATE_PRODUCT = YES;
			};
			name = Release;
		};
		C705925624CF134100D7A8D4 /* Debug */ = {
			isa = XCBuildConfiguration;
			buildSettings = {
				ASSETCATALOG_COMPILER_APPICON_NAME = AppIcon;
				CODE_SIGN_STYLE = Automatic;
				DEVELOPMENT_TEAM = 6VUVXT6R6A;
				INFOPLIST_FILE = ajayTask/Info.plist;
				LD_RUNPATH_SEARCH_PATHS = (
					"$(inherited)",
					"@executable_path/Frameworks",
				);
				PRODUCT_BUNDLE_IDENTIFIER = hpApps.ajayTask;
				PRODUCT_NAME = "$(TARGET_NAME)";
				SWIFT_VERSION = 5.0;
				TARGETED_DEVICE_FAMILY = "1,2";
			};
			name = Debug;
		};
		C705925724CF134100D7A8D4 /* Release */ = {
			isa = XCBuildConfiguration;
			buildSettings = {
				ASSETCATALOG_COMPILER_APPICON_NAME = AppIcon;
				CODE_SIGN_STYLE = Automatic;
				DEVELOPMENT_TEAM = 6VUVXT6R6A;
				INFOPLIST_FILE = ajayTask/Info.plist;
				LD_RUNPATH_SEARCH_PATHS = (
					"$(inherited)",
					"@executable_path/Frameworks",
				);
				PRODUCT_BUNDLE_IDENTIFIER = hpApps.ajayTask;
				PRODUCT_NAME = "$(TARGET_NAME)";
				SWIFT_VERSION = 5.0;
				TARGETED_DEVICE_FAMILY = "1,2";
			};
			name = Release;
		};
/* End XCBuildConfiguration section */

/* Begin XCConfigurationList section */
		C705923C24CF133F00D7A8D4 /* Build configuration list for PBXProject "ajayTask" */ = {
			isa = XCConfigurationList;
			buildConfigurations = (
				C705925324CF134100D7A8D4 /* Debug */,
				C705925424CF134100D7A8D4 /* Release */,
			);
			defaultConfigurationIsVisible = 0;
			defaultConfigurationName = Release;
		};
		C705925524CF134100D7A8D4 /* Build configuration list for PBXNativeTarget "ajayTask" */ = {
			isa = XCConfigurationList;
			buildConfigurations = (
				C705925624CF134100D7A8D4 /* Debug */,
				C705925724CF134100D7A8D4 /* Release */,
			);
			defaultConfigurationIsVisible = 0;
			defaultConfigurationName = Release;
		};
/* End XCConfigurationList section */
	};
	rootObject = C705923924CF133F00D7A8D4 /* Project object */;
}
